
Microsoft Visual Studio Solution File, Format Version 12.00
# Visual Studio Version 18
VisualStudioVersion = 18.0.11222.15
MinimumVisualStudioVersion = 10.0.40219.1
Project("{FAE04EC0-301F-11D3-BF4B-00C04F79EFBC}") = "JDV.CustomerContact.Client", "Applications\Customer Contact\JDV.CustomerContact.Client\JDV.CustomerContact.Client.csproj", "{827141F8-8ED0-7931-DCF6-D0D1A66E05C8}"
EndProject
Project("{2150E333-8FDC-42A3-9474-1A3956D46DE8}") = "0. Solution Items", "0. Solution Items", "{02EA681E-C7D8-13C7-8484-4AC65E1B71E8}"
	ProjectSection(SolutionItems) = preProject
		FoundationAssemblyInfo.cs = FoundationAssemblyInfo.cs
	EndProjectSection
EndProject
Project("{2150E333-8FDC-42A3-9474-1A3956D46DE8}") = "0. Database", "0. Database", "{184E8DB3-D735-4096-96AA-6068DE23C82F}"
EndProject
Project("{2150E333-8FDC-42A3-9474-1A3956D46DE8}") = "1. Customer Contact", "1. Customer Contact", "{9AE03974-FC94-423B-95C5-404A685E383D}"
EndProject
Project("{2150E333-8FDC-42A3-9474-1A3956D46DE8}") = "3. National Lottery", "3. National Lottery", "{0686627B-460B-46E4-9461-B8E07390738E}"
EndProject
Project("{2150E333-8FDC-42A3-9474-1A3956D46DE8}") = "2. Accounts", "2. Accounts", "{C47F1678-B972-4DF7-BFDC-D46D42BB2CA3}"
EndProject
Project("{FAE04EC0-301F-11D3-BF4B-00C04F79EFBC}") = "Foundation.Views", "Foundation\Foundation.Views\Foundation.Views.csproj", "{E7ECEEF5-BF8D-418C-B070-C5DF43B1E7AB}"
EndProject
Project("{FAE04EC0-301F-11D3-BF4B-00C04F79EFBC}") = "Foundation.Resources", "Foundation\Foundation.Resources\Foundation.Resources.csproj", "{066EB19C-58AF-471F-8777-52148501CAE5}"
EndProject
Project("{FAE04EC0-301F-11D3-BF4B-00C04F79EFBC}") = "Foundation.Interfaces", "Foundation\Foundation.Interfaces\Foundation.Interfaces.csproj", "{70E1467C-B4AF-45F6-840A-1A0A62C6B403}"
EndProject
Project("{FAE04EC0-301F-11D3-BF4B-00C04F79EFBC}") = "Foundation.Models", "Foundation\Foundation.Models\Foundation.Models.csproj", "{45BA4D18-3D06-4487-BDFA-9B9D327E2E4B}"
EndProject
Project("{FAE04EC0-301F-11D3-BF4B-00C04F79EFBC}") = "Foundation.Common", "Foundation\Foundation.Common\Foundation.Common.csproj", "{6A1294E3-3A11-4A4D-9941-FE3DBE85E0AD}"
EndProject
Project("{FAE04EC0-301F-11D3-BF4B-00C04F79EFBC}") = "Foundation.Core", "Foundation\Foundation.Core\Foundation.Core.csproj", "{9B682BE9-BCBD-4C4D-8859-DF2DBC89B388}"
EndProject
Project("{FAE04EC0-301F-11D3-BF4B-00C04F79EFBC}") = "Foundation.Services.Application", "Foundation\Foundation.Services.Application\Foundation.Services.Application.csproj", "{09443194-A7BB-4B4E-ADF8-1EA72A9BD888}"
EndProject
Project("{FAE04EC0-301F-11D3-BF4B-00C04F79EFBC}") = "Foundation.BusinessProcess", "Foundation\Foundation.BusinessProcess\Foundation.BusinessProcess.csproj", "{76CD2396-B847-4EA4-B11D-E99998CA68AE}"
EndProject
Project("{2150E333-8FDC-42A3-9474-1A3956D46DE8}") = "0. System & Unit Tests", "0. System & Unit Tests", "{0F75674C-8A76-43AB-A4C9-A8BCA7985A33}"
EndProject
Project("{FAE04EC0-301F-11D3-BF4B-00C04F79EFBC}") = "Foundation.Tests.System", "Foundation\_Tests\Foundation.Tests.System\Foundation.Tests.System.csproj", "{387907F0-9D99-0993-B664-FAFAB74B43E5}"
EndProject
Project("{FAE04EC0-301F-11D3-BF4B-00C04F79EFBC}") = "Foundation.Tests.Unit", "Foundation\_Tests\Foundation.Tests.Unit\Foundation.Tests.Unit.csproj", "{7D9EF13B-B9D0-9E42-1818-74D3B15AC153}"
EndProject
Project("{FAE04EC0-301F-11D3-BF4B-00C04F79EFBC}") = "Foundation.Service", "Foundation\Foundation.Service\Foundation.Service.csproj", "{6744A338-4E47-E825-F41B-8FFAD25BB747}"
EndProject
Project("{FAE04EC0-301F-11D3-BF4B-00C04F79EFBC}") = "Foundation.ViewModels", "Foundation\Foundation.ViewModels\Foundation.ViewModels.csproj", "{28FE7C2E-96D0-4D48-9991-A49F4595A0A4}"
EndProject
Project("{FAE04EC0-301F-11D3-BF4B-00C04F79EFBC}") = "Foundation.Tests.Views", "Foundation\_Tests\Foundation.Tests.Views\Foundation.Tests.Views.csproj", "{CCE22C47-7225-EAE0-5E3B-D3F7CC014FEE}"
EndProject
Project("{FAE04EC0-301F-11D3-BF4B-00C04F79EFBC}") = "Foundation.Repository", "Foundation\Foundation.Repository\Foundation.Repository.csproj", "{039684B4-7A4C-496F-8F9E-30CC98A04062}"
EndProject
Project("{FAE04EC0-301F-11D3-BF4B-00C04F79EFBC}") = "Foundation.DataAccess.Database", "Foundation\Foundation.DataAccess.Database\Foundation.DataAccess.Database.csproj", "{1E7D3E41-111B-4724-8484-12986CEA56C9}"
EndProject
Project("{FAE04EC0-301F-11D3-BF4B-00C04F79EFBC}") = "Foundation.DataAccess.Csv", "Foundation\Foundation.DataAccess.Csv\Foundation.DataAccess.Csv.csproj", "{09564653-06D6-4E04-B874-E1C423FD9A5F}"
EndProject
Project("{FAE04EC0-301F-11D3-BF4B-00C04F79EFBC}") = "Foundation.Services.Mail", "Foundation\Foundation.Services.Mail\Foundation.Services.Mail.csproj", "{7B9F2022-E198-441E-9A92-18A01D9252D9}"
EndProject
Project("{FAE04EC0-301F-11D3-BF4B-00C04F79EFBC}") = "Foundation.Services.MessageQueue", "Foundation\Foundation.Services.MessageQueue\Foundation.Services.MessageQueue.csproj", "{32A4BC73-207C-41FF-995A-6834BF3739D1}"
EndProject
Project("{FAE04EC0-301F-11D3-BF4B-00C04F79EFBC}") = "Foundation.Services.UserInteraction", "Foundation\Foundation.Services.UserInteraction\Foundation.Services.UserInteraction.csproj", "{6F469FB5-F302-4238-B713-5BE406C37F20}"
EndProject
Project("{FAE04EC0-301F-11D3-BF4B-00C04F79EFBC}") = "Foundation.WorkflowEngine", "Foundation\Foundation.WorkflowEngine\Foundation.WorkflowEngine.csproj", "{568F1CF5-3B85-4452-ABB3-1FC86C25DB00}"
EndProject
Project("{FAE04EC0-301F-11D3-BF4B-00C04F79EFBC}") = "Foundation.Services.WebApi", "Foundation\Foundation.Services.WebApi\Foundation.Services.WebApi.csproj", "{6F1614BD-E00D-4E2A-ACE1-21901D716CA8}"
EndProject
Project("{FAE04EC0-301F-11D3-BF4B-00C04F79EFBC}") = "Foundation.Services.FileIdentification", "Foundation\Foundation.Services.FileIdentification\Foundation.Services.FileIdentification.csproj", "{1568C961-6994-4F17-BEFB-3190E2EA5051}"
EndProject
Project("{FAE04EC0-301F-11D3-BF4B-00C04F79EFBC}") = "Foundation.Server.ScheduledTasks", "Foundation\Foundation.Server.ScheduledTasks\Foundation.Server.ScheduledTasks.csproj", "{9679994A-38B5-4C85-A8FC-6A826709AE22}"
EndProject
Project("{FAE04EC0-301F-11D3-BF4B-00C04F79EFBC}") = "Foundation.DocumentGenerator", "Foundation\Foundation.DocumentGenerator\Foundation.DocumentGenerator.csproj", "{A428C1BE-6214-4C60-889A-23756AA96BC8}"
EndProject
Project("{FAE04EC0-301F-11D3-BF4B-00C04F79EFBC}") = "Foundation.DataAccess.FileData", "Foundation\Foundation.DataAccess.FileData\Foundation.DataAccess.FileData.csproj", "{CBA89ED7-EC70-8340-2282-E02F4947EFBC}"
EndProject
Project("{00D1A9C2-B5F0-4AF3-8072-F6C62B433612}") = "Foundation.Database", "Foundation\Foundation.Database\Foundation.Database.sqlproj", "{C0878ED5-120F-4F4C-A3EF-7D24AB72349B}"
EndProject
Project("{FAE04EC0-301F-11D3-BF4B-00C04F79EFBC}") = "Foundation.Security", "Foundation\Foundation.Security\Foundation.Security.csproj", "{A54C59D0-D324-483B-BF97-5B6D90DBD248}"
EndProject
Project("{FAE04EC0-301F-11D3-BF4B-00C04F79EFBC}") = "JDV.Accounts.Client", "Applications\JDV Accounts\JDV.Accounts.Client\JDV.Accounts.Client.csproj", "{513A30CF-B56D-4CDA-A35C-C510DE6E5F73}"
EndProject
Project("{FAE04EC0-301F-11D3-BF4B-00C04F79EFBC}") = "JDV.Accounts.BusinessProcess", "Applications\JDV Accounts\JDV.Accounts.BusinessProcess\JDV.Accounts.BusinessProcess.csproj", "{EE970411-50E9-40CB-BE7B-1CB92323858A}"
EndProject
Project("{FAE04EC0-301F-11D3-BF4B-00C04F79EFBC}") = "JDV.Accounts.Common", "Applications\JDV Accounts\JDV.Accounts.Common\JDV.Accounts.Common.csproj", "{00C4356A-773B-4C9B-AD99-DFCF25E022E0}"
EndProject
Project("{FAE04EC0-301F-11D3-BF4B-00C04F79EFBC}") = "JDV.Accounts.Interfaces", "Applications\JDV Accounts\JDV.Accounts.Interfaces\JDV.Accounts.Interfaces.csproj", "{B00BC415-FEB5-4527-9F88-FF8C564AD5C5}"
EndProject
Project("{FAE04EC0-301F-11D3-BF4B-00C04F79EFBC}") = "JDV.Accounts.Repository", "Applications\JDV Accounts\JDV.Accounts.Repository\JDV.Accounts.Repository.csproj", "{D0B0F188-95A2-4237-BD2F-36E0804DDB6D}"
EndProject
Project("{FAE04EC0-301F-11D3-BF4B-00C04F79EFBC}") = "JDV.Accounts.Views", "Applications\JDV Accounts\JDV.Accounts.Views\JDV.Accounts.Views.csproj", "{E09F8FDF-D16C-4779-9BC5-B5C63C8A1CE4}"
EndProject
Project("{FAE04EC0-301F-11D3-BF4B-00C04F79EFBC}") = "JDV.Accounts.ViewModels", "Applications\JDV Accounts\JDV.Accounts.ViewModels\JDV.Accounts.ViewModels.csproj", "{741EC52A-85E3-4D6F-BD16-7B6E382DA626}"
EndProject
Project("{FAE04EC0-301F-11D3-BF4B-00C04F79EFBC}") = "JDV.Accounts.Models", "Applications\JDV Accounts\JDV.Accounts.Models\JDV.Accounts.Models.csproj", "{0B55FA74-9C48-45DA-A5D6-2661148CCE97}"
EndProject
Project("{2150E333-8FDC-42A3-9474-1A3956D46DE8}") = "0. System & Unit Tests", "0. System & Unit Tests", "{02C12636-B5B4-4D64-9DB5-87580ECD7209}"
EndProject
Project("{FAE04EC0-301F-11D3-BF4B-00C04F79EFBC}") = "JDV.Accounts.Tests.System", "Applications\JDV Accounts\_Tests\JDV.Accounts.Tests.System\JDV.Accounts.Tests.System.csproj", "{BA749786-F0ED-473D-8341-C94C3DD08FCD}"
EndProject
Project("{FAE04EC0-301F-11D3-BF4B-00C04F79EFBC}") = "JDV.Accounts.Tests.Unit", "Applications\JDV Accounts\_Tests\JDV.Accounts.Tests.Unit\JDV.Accounts.Tests.Unit.csproj", "{3035EB6D-0620-40AC-88D8-1C89A3459364}"
EndProject
Project("{2150E333-8FDC-42A3-9474-1A3956D46DE8}") = "0. System & Unit Tests", "0. System & Unit Tests", "{1DE0B71C-08E4-42E2-B5A9-31FA5DA3691E}"
EndProject
Project("{FAE04EC0-301F-11D3-BF4B-00C04F79EFBC}") = "JDV.NationalLottery.Tests.System", "Applications\National Lottery\_Tests\JDV.NationalLottery.Tests.System\JDV.NationalLottery.Tests.System.csproj", "{7937CC14-F5AE-4A4D-B442-450070807268}"
EndProject
Project("{FAE04EC0-301F-11D3-BF4B-00C04F79EFBC}") = "JDV.NationalLottery.Tests.Unit", "Applications\National Lottery\_Tests\JDV.NationalLottery.Tests.Unit\JDV.NationalLottery.Tests.Unit.csproj", "{CFA45E07-638C-41F7-BB57-B4A2137ADC39}"
EndProject
Project("{FAE04EC0-301F-11D3-BF4B-00C04F79EFBC}") = "JDV.NationalLottery.BusinessProcess", "Applications\National Lottery\JDV.NationalLottery.BusinessProcess\JDV.NationalLottery.BusinessProcess.csproj", "{5C5B7522-33A4-4F7C-920B-EEAA3934D116}"
EndProject
Project("{FAE04EC0-301F-11D3-BF4B-00C04F79EFBC}") = "JDV.NationalLottery.Client", "Applications\National Lottery\JDV.NationalLottery.Client\JDV.NationalLottery.Client.csproj", "{8B28FD9F-9CB2-415D-8FCE-BD9D9266E201}"
EndProject
Project("{FAE04EC0-301F-11D3-BF4B-00C04F79EFBC}") = "JDV.NationalLottery.Common", "Applications\National Lottery\JDV.NationalLottery.Common\JDV.NationalLottery.Common.csproj", "{2F1051D0-90BD-47F7-9AC7-F923697AEC5B}"
EndProject
Project("{FAE04EC0-301F-11D3-BF4B-00C04F79EFBC}") = "JDV.NationalLottery.Interfaces", "Applications\National Lottery\JDV.NationalLottery.Interfaces\JDV.NationalLottery.Interfaces.csproj", "{870F3524-1653-4F7B-9F13-1D8162F2B651}"
EndProject
Project("{FAE04EC0-301F-11D3-BF4B-00C04F79EFBC}") = "JDV.NationalLottery.Models", "Applications\National Lottery\JDV.NationalLottery.Models\JDV.NationalLottery.Models.csproj", "{8D179A06-B1D8-4F05-9CC0-D132F854C1A9}"
EndProject
Project("{FAE04EC0-301F-11D3-BF4B-00C04F79EFBC}") = "JDV.NationalLottery.Repository", "Applications\National Lottery\JDV.NationalLottery.Repository\JDV.NationalLottery.Repository.csproj", "{3688C136-2A95-4DD4-A70F-1F7FA55ADD46}"
EndProject
Project("{FAE04EC0-301F-11D3-BF4B-00C04F79EFBC}") = "JDV.NationalLottery.ViewModels", "Applications\National Lottery\JDV.NationalLottery.ViewModels\JDV.NationalLottery.ViewModels.csproj", "{8FE73A00-531B-46B4-B445-AA483ED67233}"
EndProject
Project("{FAE04EC0-301F-11D3-BF4B-00C04F79EFBC}") = "JDV.NationalLottery.Views", "Applications\National Lottery\JDV.NationalLottery.Views\JDV.NationalLottery.Views.csproj", "{FDF602C4-142E-46E4-AD2D-C02458D47FC1}"
EndProject
Project("{FAE04EC0-301F-11D3-BF4B-00C04F79EFBC}") = "JDV.NationalLottery.Tests.View", "Applications\National Lottery\_Tests\JDV.NationalLottery.Tests.View\JDV.NationalLottery.Tests.View.csproj", "{3A4B378E-E9F9-429B-A601-99FB3CD6BB54}"
EndProject
Project("{FAE04EC0-301F-11D3-BF4B-00C04F79EFBC}") = "JDV.Accounts.Tests.Views", "Applications\JDV Accounts\_Tests\JDV.Accounts.Tests.Views\JDV.Accounts.Tests.Views.csproj", "{7E2FCE74-D043-41F5-8A1F-49BC896D93C2}"
EndProject
Project("{2150E333-8FDC-42A3-9474-1A3956D46DE8}") = "0. System & Unit Tests", "0. System & Unit Tests", "{81AEB073-6B47-4601-8F31-FE1AC3D806B9}"
EndProject
Project("{FAE04EC0-301F-11D3-BF4B-00C04F79EFBC}") = "JDV.CustomerContact.Tests.System", "Applications\Customer Contact\_Tests\JDV.CustomerContact.Tests.System\JDV.CustomerContact.Tests.System.csproj", "{BBF0909B-16BF-41AF-9B76-5130BD630E94}"
EndProject
Project("{FAE04EC0-301F-11D3-BF4B-00C04F79EFBC}") = "JDV.CustomerContact.Tests.Unit", "Applications\Customer Contact\_Tests\JDV.CustomerContact.Tests.Unit\JDV.CustomerContact.Tests.Unit.csproj", "{14AA28B7-0203-4F1F-AC17-536AE5859B58}"
EndProject
Project("{FAE04EC0-301F-11D3-BF4B-00C04F79EFBC}") = "JDV.CustomerContact.Views", "Applications\Customer Contact\_Tests\JDV.CustomerContact.Views\JDV.CustomerContact.Views.csproj", "{5178BCF3-829A-429B-92A4-BE3FAEA2C6D6}"
EndProject
Global
	GlobalSection(SolutionConfigurationPlatforms) = preSolution
		Debug|Any CPU = Debug|Any CPU
		Release|Any CPU = Release|Any CPU
	EndGlobalSection
	GlobalSection(ProjectConfigurationPlatforms) = postSolution
		{827141F8-8ED0-7931-DCF6-D0D1A66E05C8}.Debug|Any CPU.ActiveCfg = Debug|Any CPU
		{827141F8-8ED0-7931-DCF6-D0D1A66E05C8}.Debug|Any CPU.Build.0 = Debug|Any CPU
		{827141F8-8ED0-7931-DCF6-D0D1A66E05C8}.Release|Any CPU.ActiveCfg = Release|Any CPU
		{827141F8-8ED0-7931-DCF6-D0D1A66E05C8}.Release|Any CPU.Build.0 = Release|Any CPU
		{E7ECEEF5-BF8D-418C-B070-C5DF43B1E7AB}.Debug|Any CPU.ActiveCfg = Debug|Any CPU
		{E7ECEEF5-BF8D-418C-B070-C5DF43B1E7AB}.Debug|Any CPU.Build.0 = Debug|Any CPU
		{E7ECEEF5-BF8D-418C-B070-C5DF43B1E7AB}.Release|Any CPU.ActiveCfg = Release|Any CPU
		{E7ECEEF5-BF8D-418C-B070-C5DF43B1E7AB}.Release|Any CPU.Build.0 = Release|Any CPU
		{066EB19C-58AF-471F-8777-52148501CAE5}.Debug|Any CPU.ActiveCfg = Debug|Any CPU
		{066EB19C-58AF-471F-8777-52148501CAE5}.Debug|Any CPU.Build.0 = Debug|Any CPU
		{066EB19C-58AF-471F-8777-52148501CAE5}.Release|Any CPU.ActiveCfg = Release|Any CPU
		{066EB19C-58AF-471F-8777-52148501CAE5}.Release|Any CPU.Build.0 = Release|Any CPU
		{70E1467C-B4AF-45F6-840A-1A0A62C6B403}.Debug|Any CPU.ActiveCfg = Debug|Any CPU
		{70E1467C-B4AF-45F6-840A-1A0A62C6B403}.Debug|Any CPU.Build.0 = Debug|Any CPU
		{70E1467C-B4AF-45F6-840A-1A0A62C6B403}.Release|Any CPU.ActiveCfg = Release|Any CPU
		{70E1467C-B4AF-45F6-840A-1A0A62C6B403}.Release|Any CPU.Build.0 = Release|Any CPU
		{45BA4D18-3D06-4487-BDFA-9B9D327E2E4B}.Debug|Any CPU.ActiveCfg = Debug|Any CPU
		{45BA4D18-3D06-4487-BDFA-9B9D327E2E4B}.Debug|Any CPU.Build.0 = Debug|Any CPU
		{45BA4D18-3D06-4487-BDFA-9B9D327E2E4B}.Release|Any CPU.ActiveCfg = Release|Any CPU
		{45BA4D18-3D06-4487-BDFA-9B9D327E2E4B}.Release|Any CPU.Build.0 = Release|Any CPU
		{6A1294E3-3A11-4A4D-9941-FE3DBE85E0AD}.Debug|Any CPU.ActiveCfg = Debug|Any CPU
		{6A1294E3-3A11-4A4D-9941-FE3DBE85E0AD}.Debug|Any CPU.Build.0 = Debug|Any CPU
		{6A1294E3-3A11-4A4D-9941-FE3DBE85E0AD}.Release|Any CPU.ActiveCfg = Release|Any CPU
		{6A1294E3-3A11-4A4D-9941-FE3DBE85E0AD}.Release|Any CPU.Build.0 = Release|Any CPU
		{9B682BE9-BCBD-4C4D-8859-DF2DBC89B388}.Debug|Any CPU.ActiveCfg = Debug|Any CPU
		{9B682BE9-BCBD-4C4D-8859-DF2DBC89B388}.Debug|Any CPU.Build.0 = Debug|Any CPU
		{9B682BE9-BCBD-4C4D-8859-DF2DBC89B388}.Release|Any CPU.ActiveCfg = Release|Any CPU
		{9B682BE9-BCBD-4C4D-8859-DF2DBC89B388}.Release|Any CPU.Build.0 = Release|Any CPU
		{09443194-A7BB-4B4E-ADF8-1EA72A9BD888}.Debug|Any CPU.ActiveCfg = Debug|Any CPU
		{09443194-A7BB-4B4E-ADF8-1EA72A9BD888}.Debug|Any CPU.Build.0 = Debug|Any CPU
		{09443194-A7BB-4B4E-ADF8-1EA72A9BD888}.Release|Any CPU.ActiveCfg = Release|Any CPU
		{09443194-A7BB-4B4E-ADF8-1EA72A9BD888}.Release|Any CPU.Build.0 = Release|Any CPU
		{76CD2396-B847-4EA4-B11D-E99998CA68AE}.Debug|Any CPU.ActiveCfg = Debug|Any CPU
		{76CD2396-B847-4EA4-B11D-E99998CA68AE}.Debug|Any CPU.Build.0 = Debug|Any CPU
		{76CD2396-B847-4EA4-B11D-E99998CA68AE}.Release|Any CPU.ActiveCfg = Release|Any CPU
		{76CD2396-B847-4EA4-B11D-E99998CA68AE}.Release|Any CPU.Build.0 = Release|Any CPU
		{387907F0-9D99-0993-B664-FAFAB74B43E5}.Debug|Any CPU.ActiveCfg = Debug|Any CPU
		{387907F0-9D99-0993-B664-FAFAB74B43E5}.Debug|Any CPU.Build.0 = Debug|Any CPU
		{387907F0-9D99-0993-B664-FAFAB74B43E5}.Release|Any CPU.ActiveCfg = Release|Any CPU
		{387907F0-9D99-0993-B664-FAFAB74B43E5}.Release|Any CPU.Build.0 = Release|Any CPU
		{7D9EF13B-B9D0-9E42-1818-74D3B15AC153}.Debug|Any CPU.ActiveCfg = Debug|Any CPU
		{7D9EF13B-B9D0-9E42-1818-74D3B15AC153}.Debug|Any CPU.Build.0 = Debug|Any CPU
		{7D9EF13B-B9D0-9E42-1818-74D3B15AC153}.Release|Any CPU.ActiveCfg = Release|Any CPU
		{7D9EF13B-B9D0-9E42-1818-74D3B15AC153}.Release|Any CPU.Build.0 = Release|Any CPU
		{6744A338-4E47-E825-F41B-8FFAD25BB747}.Debug|Any CPU.ActiveCfg = Debug|Any CPU
		{6744A338-4E47-E825-F41B-8FFAD25BB747}.Debug|Any CPU.Build.0 = Debug|Any CPU
		{6744A338-4E47-E825-F41B-8FFAD25BB747}.Release|Any CPU.ActiveCfg = Release|Any CPU
		{6744A338-4E47-E825-F41B-8FFAD25BB747}.Release|Any CPU.Build.0 = Release|Any CPU
		{28FE7C2E-96D0-4D48-9991-A49F4595A0A4}.Debug|Any CPU.ActiveCfg = Debug|Any CPU
		{28FE7C2E-96D0-4D48-9991-A49F4595A0A4}.Debug|Any CPU.Build.0 = Debug|Any CPU
		{28FE7C2E-96D0-4D48-9991-A49F4595A0A4}.Release|Any CPU.ActiveCfg = Release|Any CPU
		{28FE7C2E-96D0-4D48-9991-A49F4595A0A4}.Release|Any CPU.Build.0 = Release|Any CPU
		{CCE22C47-7225-EAE0-5E3B-D3F7CC014FEE}.Debug|Any CPU.ActiveCfg = Debug|Any CPU
		{CCE22C47-7225-EAE0-5E3B-D3F7CC014FEE}.Debug|Any CPU.Build.0 = Debug|Any CPU
		{CCE22C47-7225-EAE0-5E3B-D3F7CC014FEE}.Release|Any CPU.ActiveCfg = Release|Any CPU
		{CCE22C47-7225-EAE0-5E3B-D3F7CC014FEE}.Release|Any CPU.Build.0 = Release|Any CPU
		{039684B4-7A4C-496F-8F9E-30CC98A04062}.Debug|Any CPU.ActiveCfg = Debug|Any CPU
		{039684B4-7A4C-496F-8F9E-30CC98A04062}.Debug|Any CPU.Build.0 = Debug|Any CPU
		{039684B4-7A4C-496F-8F9E-30CC98A04062}.Release|Any CPU.ActiveCfg = Release|Any CPU
		{039684B4-7A4C-496F-8F9E-30CC98A04062}.Release|Any CPU.Build.0 = Release|Any CPU
		{1E7D3E41-111B-4724-8484-12986CEA56C9}.Debug|Any CPU.ActiveCfg = Debug|Any CPU
		{1E7D3E41-111B-4724-8484-12986CEA56C9}.Debug|Any CPU.Build.0 = Debug|Any CPU
		{1E7D3E41-111B-4724-8484-12986CEA56C9}.Release|Any CPU.ActiveCfg = Release|Any CPU
		{1E7D3E41-111B-4724-8484-12986CEA56C9}.Release|Any CPU.Build.0 = Release|Any CPU
		{09564653-06D6-4E04-B874-E1C423FD9A5F}.Debug|Any CPU.ActiveCfg = Debug|Any CPU
		{09564653-06D6-4E04-B874-E1C423FD9A5F}.Debug|Any CPU.Build.0 = Debug|Any CPU
		{09564653-06D6-4E04-B874-E1C423FD9A5F}.Release|Any CPU.ActiveCfg = Release|Any CPU
		{09564653-06D6-4E04-B874-E1C423FD9A5F}.Release|Any CPU.Build.0 = Release|Any CPU
		{7B9F2022-E198-441E-9A92-18A01D9252D9}.Debug|Any CPU.ActiveCfg = Debug|Any CPU
		{7B9F2022-E198-441E-9A92-18A01D9252D9}.Debug|Any CPU.Build.0 = Debug|Any CPU
		{7B9F2022-E198-441E-9A92-18A01D9252D9}.Release|Any CPU.ActiveCfg = Release|Any CPU
		{7B9F2022-E198-441E-9A92-18A01D9252D9}.Release|Any CPU.Build.0 = Release|Any CPU
		{32A4BC73-207C-41FF-995A-6834BF3739D1}.Debug|Any CPU.ActiveCfg = Debug|Any CPU
		{32A4BC73-207C-41FF-995A-6834BF3739D1}.Debug|Any CPU.Build.0 = Debug|Any CPU
		{32A4BC73-207C-41FF-995A-6834BF3739D1}.Release|Any CPU.ActiveCfg = Release|Any CPU
		{32A4BC73-207C-41FF-995A-6834BF3739D1}.Release|Any CPU.Build.0 = Release|Any CPU
		{6F469FB5-F302-4238-B713-5BE406C37F20}.Debug|Any CPU.ActiveCfg = Debug|Any CPU
		{6F469FB5-F302-4238-B713-5BE406C37F20}.Debug|Any CPU.Build.0 = Debug|Any CPU
		{6F469FB5-F302-4238-B713-5BE406C37F20}.Release|Any CPU.ActiveCfg = Release|Any CPU
		{6F469FB5-F302-4238-B713-5BE406C37F20}.Release|Any CPU.Build.0 = Release|Any CPU
		{568F1CF5-3B85-4452-ABB3-1FC86C25DB00}.Debug|Any CPU.ActiveCfg = Debug|Any CPU
		{568F1CF5-3B85-4452-ABB3-1FC86C25DB00}.Debug|Any CPU.Build.0 = Debug|Any CPU
		{568F1CF5-3B85-4452-ABB3-1FC86C25DB00}.Release|Any CPU.ActiveCfg = Release|Any CPU
		{568F1CF5-3B85-4452-ABB3-1FC86C25DB00}.Release|Any CPU.Build.0 = Release|Any CPU
		{6F1614BD-E00D-4E2A-ACE1-21901D716CA8}.Debug|Any CPU.ActiveCfg = Debug|Any CPU
		{6F1614BD-E00D-4E2A-ACE1-21901D716CA8}.Debug|Any CPU.Build.0 = Debug|Any CPU
		{6F1614BD-E00D-4E2A-ACE1-21901D716CA8}.Release|Any CPU.ActiveCfg = Release|Any CPU
		{6F1614BD-E00D-4E2A-ACE1-21901D716CA8}.Release|Any CPU.Build.0 = Release|Any CPU
		{1568C961-6994-4F17-BEFB-3190E2EA5051}.Debug|Any CPU.ActiveCfg = Debug|Any CPU
		{1568C961-6994-4F17-BEFB-3190E2EA5051}.Debug|Any CPU.Build.0 = Debug|Any CPU
		{1568C961-6994-4F17-BEFB-3190E2EA5051}.Release|Any CPU.ActiveCfg = Release|Any CPU
		{1568C961-6994-4F17-BEFB-3190E2EA5051}.Release|Any CPU.Build.0 = Release|Any CPU
		{9679994A-38B5-4C85-A8FC-6A826709AE22}.Debug|Any CPU.ActiveCfg = Debug|Any CPU
		{9679994A-38B5-4C85-A8FC-6A826709AE22}.Debug|Any CPU.Build.0 = Debug|Any CPU
		{9679994A-38B5-4C85-A8FC-6A826709AE22}.Release|Any CPU.ActiveCfg = Release|Any CPU
		{9679994A-38B5-4C85-A8FC-6A826709AE22}.Release|Any CPU.Build.0 = Release|Any CPU
		{A428C1BE-6214-4C60-889A-23756AA96BC8}.Debug|Any CPU.ActiveCfg = Debug|Any CPU
		{A428C1BE-6214-4C60-889A-23756AA96BC8}.Debug|Any CPU.Build.0 = Debug|Any CPU
		{A428C1BE-6214-4C60-889A-23756AA96BC8}.Release|Any CPU.ActiveCfg = Release|Any CPU
		{A428C1BE-6214-4C60-889A-23756AA96BC8}.Release|Any CPU.Build.0 = Release|Any CPU
		{CBA89ED7-EC70-8340-2282-E02F4947EFBC}.Debug|Any CPU.ActiveCfg = Debug|Any CPU
		{CBA89ED7-EC70-8340-2282-E02F4947EFBC}.Debug|Any CPU.Build.0 = Debug|Any CPU
		{CBA89ED7-EC70-8340-2282-E02F4947EFBC}.Release|Any CPU.ActiveCfg = Release|Any CPU
		{CBA89ED7-EC70-8340-2282-E02F4947EFBC}.Release|Any CPU.Build.0 = Release|Any CPU
		{C0878ED5-120F-4F4C-A3EF-7D24AB72349B}.Debug|Any CPU.ActiveCfg = Debug|Any CPU
		{C0878ED5-120F-4F4C-A3EF-7D24AB72349B}.Debug|Any CPU.Build.0 = Debug|Any CPU
		{C0878ED5-120F-4F4C-A3EF-7D24AB72349B}.Debug|Any CPU.Deploy.0 = Debug|Any CPU
		{C0878ED5-120F-4F4C-A3EF-7D24AB72349B}.Release|Any CPU.ActiveCfg = Release|Any CPU
		{C0878ED5-120F-4F4C-A3EF-7D24AB72349B}.Release|Any CPU.Build.0 = Release|Any CPU
		{C0878ED5-120F-4F4C-A3EF-7D24AB72349B}.Release|Any CPU.Deploy.0 = Release|Any CPU
		{A54C59D0-D324-483B-BF97-5B6D90DBD248}.Debug|Any CPU.ActiveCfg = Debug|Any CPU
		{A54C59D0-D324-483B-BF97-5B6D90DBD248}.Debug|Any CPU.Build.0 = Debug|Any CPU
		{A54C59D0-D324-483B-BF97-5B6D90DBD248}.Release|Any CPU.ActiveCfg = Release|Any CPU
		{A54C59D0-D324-483B-BF97-5B6D90DBD248}.Release|Any CPU.Build.0 = Release|Any CPU
		{513A30CF-B56D-4CDA-A35C-C510DE6E5F73}.Debug|Any CPU.ActiveCfg = Debug|Any CPU
		{513A30CF-B56D-4CDA-A35C-C510DE6E5F73}.Debug|Any CPU.Build.0 = Debug|Any CPU
		{513A30CF-B56D-4CDA-A35C-C510DE6E5F73}.Release|Any CPU.ActiveCfg = Release|Any CPU
		{513A30CF-B56D-4CDA-A35C-C510DE6E5F73}.Release|Any CPU.Build.0 = Release|Any CPU
		{EE970411-50E9-40CB-BE7B-1CB92323858A}.Debug|Any CPU.ActiveCfg = Debug|Any CPU
		{EE970411-50E9-40CB-BE7B-1CB92323858A}.Debug|Any CPU.Build.0 = Debug|Any CPU
		{EE970411-50E9-40CB-BE7B-1CB92323858A}.Release|Any CPU.ActiveCfg = Release|Any CPU
		{EE970411-50E9-40CB-BE7B-1CB92323858A}.Release|Any CPU.Build.0 = Release|Any CPU
		{00C4356A-773B-4C9B-AD99-DFCF25E022E0}.Debug|Any CPU.ActiveCfg = Debug|Any CPU
		{00C4356A-773B-4C9B-AD99-DFCF25E022E0}.Debug|Any CPU.Build.0 = Debug|Any CPU
		{00C4356A-773B-4C9B-AD99-DFCF25E022E0}.Release|Any CPU.ActiveCfg = Release|Any CPU
		{00C4356A-773B-4C9B-AD99-DFCF25E022E0}.Release|Any CPU.Build.0 = Release|Any CPU
		{B00BC415-FEB5-4527-9F88-FF8C564AD5C5}.Debug|Any CPU.ActiveCfg = Debug|Any CPU
		{B00BC415-FEB5-4527-9F88-FF8C564AD5C5}.Debug|Any CPU.Build.0 = Debug|Any CPU
		{B00BC415-FEB5-4527-9F88-FF8C564AD5C5}.Release|Any CPU.ActiveCfg = Release|Any CPU
		{B00BC415-FEB5-4527-9F88-FF8C564AD5C5}.Release|Any CPU.Build.0 = Release|Any CPU
		{D0B0F188-95A2-4237-BD2F-36E0804DDB6D}.Debug|Any CPU.ActiveCfg = Debug|Any CPU
		{D0B0F188-95A2-4237-BD2F-36E0804DDB6D}.Debug|Any CPU.Build.0 = Debug|Any CPU
		{D0B0F188-95A2-4237-BD2F-36E0804DDB6D}.Release|Any CPU.ActiveCfg = Release|Any CPU
		{D0B0F188-95A2-4237-BD2F-36E0804DDB6D}.Release|Any CPU.Build.0 = Release|Any CPU
		{E09F8FDF-D16C-4779-9BC5-B5C63C8A1CE4}.Debug|Any CPU.ActiveCfg = Debug|Any CPU
		{E09F8FDF-D16C-4779-9BC5-B5C63C8A1CE4}.Debug|Any CPU.Build.0 = Debug|Any CPU
		{E09F8FDF-D16C-4779-9BC5-B5C63C8A1CE4}.Release|Any CPU.ActiveCfg = Release|Any CPU
		{E09F8FDF-D16C-4779-9BC5-B5C63C8A1CE4}.Release|Any CPU.Build.0 = Release|Any CPU
		{741EC52A-85E3-4D6F-BD16-7B6E382DA626}.Debug|Any CPU.ActiveCfg = Debug|Any CPU
		{741EC52A-85E3-4D6F-BD16-7B6E382DA626}.Debug|Any CPU.Build.0 = Debug|Any CPU
		{741EC52A-85E3-4D6F-BD16-7B6E382DA626}.Release|Any CPU.ActiveCfg = Release|Any CPU
		{741EC52A-85E3-4D6F-BD16-7B6E382DA626}.Release|Any CPU.Build.0 = Release|Any CPU
		{0B55FA74-9C48-45DA-A5D6-2661148CCE97}.Debug|Any CPU.ActiveCfg = Debug|Any CPU
		{0B55FA74-9C48-45DA-A5D6-2661148CCE97}.Debug|Any CPU.Build.0 = Debug|Any CPU
		{0B55FA74-9C48-45DA-A5D6-2661148CCE97}.Release|Any CPU.ActiveCfg = Release|Any CPU
		{0B55FA74-9C48-45DA-A5D6-2661148CCE97}.Release|Any CPU.Build.0 = Release|Any CPU
		{BA749786-F0ED-473D-8341-C94C3DD08FCD}.Debug|Any CPU.ActiveCfg = Debug|Any CPU
		{BA749786-F0ED-473D-8341-C94C3DD08FCD}.Debug|Any CPU.Build.0 = Debug|Any CPU
		{BA749786-F0ED-473D-8341-C94C3DD08FCD}.Release|Any CPU.ActiveCfg = Release|Any CPU
		{BA749786-F0ED-473D-8341-C94C3DD08FCD}.Release|Any CPU.Build.0 = Release|Any CPU
		{3035EB6D-0620-40AC-88D8-1C89A3459364}.Debug|Any CPU.ActiveCfg = Debug|Any CPU
		{3035EB6D-0620-40AC-88D8-1C89A3459364}.Debug|Any CPU.Build.0 = Debug|Any CPU
		{3035EB6D-0620-40AC-88D8-1C89A3459364}.Release|Any CPU.ActiveCfg = Release|Any CPU
		{3035EB6D-0620-40AC-88D8-1C89A3459364}.Release|Any CPU.Build.0 = Release|Any CPU
		{7937CC14-F5AE-4A4D-B442-450070807268}.Debug|Any CPU.ActiveCfg = Debug|Any CPU
		{7937CC14-F5AE-4A4D-B442-450070807268}.Debug|Any CPU.Build.0 = Debug|Any CPU
		{7937CC14-F5AE-4A4D-B442-450070807268}.Release|Any CPU.ActiveCfg = Release|Any CPU
		{7937CC14-F5AE-4A4D-B442-450070807268}.Release|Any CPU.Build.0 = Release|Any CPU
		{CFA45E07-638C-41F7-BB57-B4A2137ADC39}.Debug|Any CPU.ActiveCfg = Debug|Any CPU
		{CFA45E07-638C-41F7-BB57-B4A2137ADC39}.Debug|Any CPU.Build.0 = Debug|Any CPU
		{CFA45E07-638C-41F7-BB57-B4A2137ADC39}.Release|Any CPU.ActiveCfg = Release|Any CPU
		{CFA45E07-638C-41F7-BB57-B4A2137ADC39}.Release|Any CPU.Build.0 = Release|Any CPU
		{5C5B7522-33A4-4F7C-920B-EEAA3934D116}.Debug|Any CPU.ActiveCfg = Debug|Any CPU
		{5C5B7522-33A4-4F7C-920B-EEAA3934D116}.Debug|Any CPU.Build.0 = Debug|Any CPU
		{5C5B7522-33A4-4F7C-920B-EEAA3934D116}.Release|Any CPU.ActiveCfg = Release|Any CPU
		{5C5B7522-33A4-4F7C-920B-EEAA3934D116}.Release|Any CPU.Build.0 = Release|Any CPU
		{8B28FD9F-9CB2-415D-8FCE-BD9D9266E201}.Debug|Any CPU.ActiveCfg = Debug|Any CPU
		{8B28FD9F-9CB2-415D-8FCE-BD9D9266E201}.Debug|Any CPU.Build.0 = Debug|Any CPU
		{8B28FD9F-9CB2-415D-8FCE-BD9D9266E201}.Release|Any CPU.ActiveCfg = Release|Any CPU
		{8B28FD9F-9CB2-415D-8FCE-BD9D9266E201}.Release|Any CPU.Build.0 = Release|Any CPU
		{2F1051D0-90BD-47F7-9AC7-F923697AEC5B}.Debug|Any CPU.ActiveCfg = Debug|Any CPU
		{2F1051D0-90BD-47F7-9AC7-F923697AEC5B}.Debug|Any CPU.Build.0 = Debug|Any CPU
		{2F1051D0-90BD-47F7-9AC7-F923697AEC5B}.Release|Any CPU.ActiveCfg = Release|Any CPU
		{2F1051D0-90BD-47F7-9AC7-F923697AEC5B}.Release|Any CPU.Build.0 = Release|Any CPU
		{870F3524-1653-4F7B-9F13-1D8162F2B651}.Debug|Any CPU.ActiveCfg = Debug|Any CPU
		{870F3524-1653-4F7B-9F13-1D8162F2B651}.Debug|Any CPU.Build.0 = Debug|Any CPU
		{870F3524-1653-4F7B-9F13-1D8162F2B651}.Release|Any CPU.ActiveCfg = Release|Any CPU
		{870F3524-1653-4F7B-9F13-1D8162F2B651}.Release|Any CPU.Build.0 = Release|Any CPU
		{8D179A06-B1D8-4F05-9CC0-D132F854C1A9}.Debug|Any CPU.ActiveCfg = Debug|Any CPU
		{8D179A06-B1D8-4F05-9CC0-D132F854C1A9}.Debug|Any CPU.Build.0 = Debug|Any CPU
		{8D179A06-B1D8-4F05-9CC0-D132F854C1A9}.Release|Any CPU.ActiveCfg = Release|Any CPU
		{8D179A06-B1D8-4F05-9CC0-D132F854C1A9}.Release|Any CPU.Build.0 = Release|Any CPU
		{3688C136-2A95-4DD4-A70F-1F7FA55ADD46}.Debug|Any CPU.ActiveCfg = Debug|Any CPU
		{3688C136-2A95-4DD4-A70F-1F7FA55ADD46}.Debug|Any CPU.Build.0 = Debug|Any CPU
		{3688C136-2A95-4DD4-A70F-1F7FA55ADD46}.Release|Any CPU.ActiveCfg = Release|Any CPU
		{3688C136-2A95-4DD4-A70F-1F7FA55ADD46}.Release|Any CPU.Build.0 = Release|Any CPU
		{8FE73A00-531B-46B4-B445-AA483ED67233}.Debug|Any CPU.ActiveCfg = Debug|Any CPU
		{8FE73A00-531B-46B4-B445-AA483ED67233}.Debug|Any CPU.Build.0 = Debug|Any CPU
		{8FE73A00-531B-46B4-B445-AA483ED67233}.Release|Any CPU.ActiveCfg = Release|Any CPU
		{8FE73A00-531B-46B4-B445-AA483ED67233}.Release|Any CPU.Build.0 = Release|Any CPU
		{FDF602C4-142E-46E4-AD2D-C02458D47FC1}.Debug|Any CPU.ActiveCfg = Debug|Any CPU
		{FDF602C4-142E-46E4-AD2D-C02458D47FC1}.Debug|Any CPU.Build.0 = Debug|Any CPU
		{FDF602C4-142E-46E4-AD2D-C02458D47FC1}.Release|Any CPU.ActiveCfg = Release|Any CPU
		{FDF602C4-142E-46E4-AD2D-C02458D47FC1}.Release|Any CPU.Build.0 = Release|Any CPU
		{3A4B378E-E9F9-429B-A601-99FB3CD6BB54}.Debug|Any CPU.ActiveCfg = Debug|Any CPU
		{3A4B378E-E9F9-429B-A601-99FB3CD6BB54}.Debug|Any CPU.Build.0 = Debug|Any CPU
		{3A4B378E-E9F9-429B-A601-99FB3CD6BB54}.Release|Any CPU.ActiveCfg = Release|Any CPU
		{3A4B378E-E9F9-429B-A601-99FB3CD6BB54}.Release|Any CPU.Build.0 = Release|Any CPU
		{7E2FCE74-D043-41F5-8A1F-49BC896D93C2}.Debug|Any CPU.ActiveCfg = Debug|Any CPU
		{7E2FCE74-D043-41F5-8A1F-49BC896D93C2}.Debug|Any CPU.Build.0 = Debug|Any CPU
		{7E2FCE74-D043-41F5-8A1F-49BC896D93C2}.Release|Any CPU.ActiveCfg = Release|Any CPU
		{7E2FCE74-D043-41F5-8A1F-49BC896D93C2}.Release|Any CPU.Build.0 = Release|Any CPU
		{BBF0909B-16BF-41AF-9B76-5130BD630E94}.Debug|Any CPU.ActiveCfg = Debug|Any CPU
		{BBF0909B-16BF-41AF-9B76-5130BD630E94}.Debug|Any CPU.Build.0 = Debug|Any CPU
		{BBF0909B-16BF-41AF-9B76-5130BD630E94}.Release|Any CPU.ActiveCfg = Release|Any CPU
		{BBF0909B-16BF-41AF-9B76-5130BD630E94}.Release|Any CPU.Build.0 = Release|Any CPU
		{14AA28B7-0203-4F1F-AC17-536AE5859B58}.Debug|Any CPU.ActiveCfg = Debug|Any CPU
		{14AA28B7-0203-4F1F-AC17-536AE5859B58}.Debug|Any CPU.Build.0 = Debug|Any CPU
		{14AA28B7-0203-4F1F-AC17-536AE5859B58}.Release|Any CPU.ActiveCfg = Release|Any CPU
		{14AA28B7-0203-4F1F-AC17-536AE5859B58}.Release|Any CPU.Build.0 = Release|Any CPU
		{5178BCF3-829A-429B-92A4-BE3FAEA2C6D6}.Debug|Any CPU.ActiveCfg = Debug|Any CPU
		{5178BCF3-829A-429B-92A4-BE3FAEA2C6D6}.Debug|Any CPU.Build.0 = Debug|Any CPU
		{5178BCF3-829A-429B-92A4-BE3FAEA2C6D6}.Release|Any CPU.ActiveCfg = Release|Any CPU
		{5178BCF3-829A-429B-92A4-BE3FAEA2C6D6}.Release|Any CPU.Build.0 = Release|Any CPU
	EndGlobalSection
	GlobalSection(SolutionProperties) = preSolution
		HideSolutionNode = FALSE
	EndGlobalSection
	GlobalSection(NestedProjects) = preSolution
		{827141F8-8ED0-7931-DCF6-D0D1A66E05C8} = {9AE03974-FC94-423B-95C5-404A685E383D}
		{387907F0-9D99-0993-B664-FAFAB74B43E5} = {0F75674C-8A76-43AB-A4C9-A8BCA7985A33}
		{7D9EF13B-B9D0-9E42-1818-74D3B15AC153} = {0F75674C-8A76-43AB-A4C9-A8BCA7985A33}
		{CCE22C47-7225-EAE0-5E3B-D3F7CC014FEE} = {0F75674C-8A76-43AB-A4C9-A8BCA7985A33}
		{C0878ED5-120F-4F4C-A3EF-7D24AB72349B} = {184E8DB3-D735-4096-96AA-6068DE23C82F}
		{513A30CF-B56D-4CDA-A35C-C510DE6E5F73} = {C47F1678-B972-4DF7-BFDC-D46D42BB2CA3}
		{EE970411-50E9-40CB-BE7B-1CB92323858A} = {C47F1678-B972-4DF7-BFDC-D46D42BB2CA3}
		{00C4356A-773B-4C9B-AD99-DFCF25E022E0} = {C47F1678-B972-4DF7-BFDC-D46D42BB2CA3}
		{B00BC415-FEB5-4527-9F88-FF8C564AD5C5} = {C47F1678-B972-4DF7-BFDC-D46D42BB2CA3}
		{D0B0F188-95A2-4237-BD2F-36E0804DDB6D} = {C47F1678-B972-4DF7-BFDC-D46D42BB2CA3}
		{E09F8FDF-D16C-4779-9BC5-B5C63C8A1CE4} = {C47F1678-B972-4DF7-BFDC-D46D42BB2CA3}
		{741EC52A-85E3-4D6F-BD16-7B6E382DA626} = {C47F1678-B972-4DF7-BFDC-D46D42BB2CA3}
		{0B55FA74-9C48-45DA-A5D6-2661148CCE97} = {C47F1678-B972-4DF7-BFDC-D46D42BB2CA3}
		{02C12636-B5B4-4D64-9DB5-87580ECD7209} = {C47F1678-B972-4DF7-BFDC-D46D42BB2CA3}
		{BA749786-F0ED-473D-8341-C94C3DD08FCD} = {02C12636-B5B4-4D64-9DB5-87580ECD7209}
		{3035EB6D-0620-40AC-88D8-1C89A3459364} = {02C12636-B5B4-4D64-9DB5-87580ECD7209}
		{1DE0B71C-08E4-42E2-B5A9-31FA5DA3691E} = {0686627B-460B-46E4-9461-B8E07390738E}
		{7937CC14-F5AE-4A4D-B442-450070807268} = {1DE0B71C-08E4-42E2-B5A9-31FA5DA3691E}
		{CFA45E07-638C-41F7-BB57-B4A2137ADC39} = {1DE0B71C-08E4-42E2-B5A9-31FA5DA3691E}
		{5C5B7522-33A4-4F7C-920B-EEAA3934D116} = {0686627B-460B-46E4-9461-B8E07390738E}
		{8B28FD9F-9CB2-415D-8FCE-BD9D9266E201} = {0686627B-460B-46E4-9461-B8E07390738E}
		{2F1051D0-90BD-47F7-9AC7-F923697AEC5B} = {0686627B-460B-46E4-9461-B8E07390738E}
		{870F3524-1653-4F7B-9F13-1D8162F2B651} = {0686627B-460B-46E4-9461-B8E07390738E}
		{8D179A06-B1D8-4F05-9CC0-D132F854C1A9} = {0686627B-460B-46E4-9461-B8E07390738E}
		{3688C136-2A95-4DD4-A70F-1F7FA55ADD46} = {0686627B-460B-46E4-9461-B8E07390738E}
		{8FE73A00-531B-46B4-B445-AA483ED67233} = {0686627B-460B-46E4-9461-B8E07390738E}
		{FDF602C4-142E-46E4-AD2D-C02458D47FC1} = {0686627B-460B-46E4-9461-B8E07390738E}
		{3A4B378E-E9F9-429B-A601-99FB3CD6BB54} = {1DE0B71C-08E4-42E2-B5A9-31FA5DA3691E}
		{7E2FCE74-D043-41F5-8A1F-49BC896D93C2} = {02C12636-B5B4-4D64-9DB5-87580ECD7209}
		{81AEB073-6B47-4601-8F31-FE1AC3D806B9} = {9AE03974-FC94-423B-95C5-404A685E383D}
		{BBF0909B-16BF-41AF-9B76-5130BD630E94} = {81AEB073-6B47-4601-8F31-FE1AC3D806B9}
		{14AA28B7-0203-4F1F-AC17-536AE5859B58} = {81AEB073-6B47-4601-8F31-FE1AC3D806B9}
		{5178BCF3-829A-429B-92A4-BE3FAEA2C6D6} = {81AEB073-6B47-4601-8F31-FE1AC3D806B9}
	EndGlobalSection
	GlobalSection(ExtensibilityGlobals) = postSolution
		SolutionGuid = {0A3FAD53-E068-46CB-B0A9-2805E076396B}
	EndGlobalSection
EndGlobal
