
Microsoft Visual Studio Solution File, Format Version 12.00
# Visual Studio Version 17
VisualStudioVersion = 17.14.36221.1
MinimumVisualStudioVersion = 10.0.40219.1
Project("{FAE04EC0-301F-11D3-BF4B-00C04F79EFBC}") = "CustomerContact.Client", "Applications\Customer Contact\CustomerContact.Client\CustomerContact.Client.csproj", "{827141F8-8ED0-7931-DCF6-D0D1A66E05C8}"
EndProject
Project("{2150E333-8FDC-42A3-9474-1A3956D46DE8}") = "0. Solution Items", "0. Solution Items", "{02EA681E-C7D8-13C7-8484-4AC65E1B71E8}"
	ProjectSection(SolutionItems) = preProject
		FoundationAssemblyInfo.cs = FoundationAssemblyInfo.cs
	EndProjectSection
EndProject
Project("{2150E333-8FDC-42A3-9474-1A3956D46DE8}") = "0. Database", "0. Database", "{184E8DB3-D735-4096-96AA-6068DE23C82F}"
EndProject
Project("{2150E333-8FDC-42A3-9474-1A3956D46DE8}") = "1. Customer Contact", "1. Customer Contact", "{9AE03974-FC94-423B-95C5-404A685E383D}"
EndProject
Project("{2150E333-8FDC-42A3-9474-1A3956D46DE8}") = "3. National Lottery", "3. National Lottery", "{0686627B-460B-46E4-9461-B8E07390738E}"
EndProject
Project("{2150E333-8FDC-42A3-9474-1A3956D46DE8}") = "2. JDV Software", "2. JDV Software", "{C47F1678-B972-4DF7-BFDC-D46D42BB2CA3}"
EndProject
Project("{FAE04EC0-301F-11D3-BF4B-00C04F79EFBC}") = "Foundation.Views", "Foundation\Foundation.Views\Foundation.Views.csproj", "{E7ECEEF5-BF8D-418C-B070-C5DF43B1E7AB}"
EndProject
Project("{FAE04EC0-301F-11D3-BF4B-00C04F79EFBC}") = "Foundation.Resources", "Foundation\Foundation.Resources\Foundation.Resources.csproj", "{066EB19C-58AF-471F-8777-52148501CAE5}"
EndProject
Project("{FAE04EC0-301F-11D3-BF4B-00C04F79EFBC}") = "Foundation.Interfaces", "Foundation\Foundation.Interfaces\Foundation.Interfaces.csproj", "{70E1467C-B4AF-45F6-840A-1A0A62C6B403}"
EndProject
Project("{FAE04EC0-301F-11D3-BF4B-00C04F79EFBC}") = "Foundation.Models", "Foundation\Foundation.Models\Foundation.Models.csproj", "{45BA4D18-3D06-4487-BDFA-9B9D327E2E4B}"
EndProject
Project("{FAE04EC0-301F-11D3-BF4B-00C04F79EFBC}") = "Foundation.Common", "Foundation\Foundation.Common\Foundation.Common.csproj", "{6A1294E3-3A11-4A4D-9941-FE3DBE85E0AD}"
EndProject
Project("{FAE04EC0-301F-11D3-BF4B-00C04F79EFBC}") = "Foundation.Core", "Foundation\Foundation.Core\Foundation.Core.csproj", "{9B682BE9-BCBD-4C4D-8859-DF2DBC89B388}"
EndProject
Project("{FAE04EC0-301F-11D3-BF4B-00C04F79EFBC}") = "Foundation.Services.Application", "Foundation\Foundation.Services.Application\Foundation.Services.Application.csproj", "{09443194-A7BB-4B4E-ADF8-1EA72A9BD888}"
EndProject
Project("{FAE04EC0-301F-11D3-BF4B-00C04F79EFBC}") = "Foundation.BusinessProcess", "Foundation\Foundation.BusinessProcess\Foundation.BusinessProcess.csproj", "{76CD2396-B847-4EA4-B11D-E99998CA68AE}"
EndProject
Project("{2150E333-8FDC-42A3-9474-1A3956D46DE8}") = "4. System & Unit Tests", "4. System & Unit Tests", "{0F75674C-8A76-43AB-A4C9-A8BCA7985A33}"
EndProject
Project("{FAE04EC0-301F-11D3-BF4B-00C04F79EFBC}") = "Foundation.Tests.System", "Foundation\_Tests\Foundation.Tests.System\Foundation.Tests.System.csproj", "{387907F0-9D99-0993-B664-FAFAB74B43E5}"
EndProject
Project("{FAE04EC0-301F-11D3-BF4B-00C04F79EFBC}") = "Foundation.Tests.Unit", "Foundation\_Tests\Foundation.Tests.Unit\Foundation.Tests.Unit.csproj", "{7D9EF13B-B9D0-9E42-1818-74D3B15AC153}"
EndProject
Project("{FAE04EC0-301F-11D3-BF4B-00C04F79EFBC}") = "Foundation.Service", "Foundation\Foundation.Service\Foundation.Service.csproj", "{6744A338-4E47-E825-F41B-8FFAD25BB747}"
EndProject
Project("{FAE04EC0-301F-11D3-BF4B-00C04F79EFBC}") = "Foundation.ViewModels", "Foundation\Foundation.ViewModels\Foundation.ViewModels.csproj", "{28FE7C2E-96D0-4D48-9991-A49F4595A0A4}"
EndProject
Project("{FAE04EC0-301F-11D3-BF4B-00C04F79EFBC}") = "Foundation.Tests.Views", "Foundation\_Tests\Foundation.Tests.Views\Foundation.Tests.Views.csproj", "{CCE22C47-7225-EAE0-5E3B-D3F7CC014FEE}"
EndProject
Project("{FAE04EC0-301F-11D3-BF4B-00C04F79EFBC}") = "Foundation.Repository", "Foundation\Foundation.Repository\Foundation.Repository.csproj", "{039684B4-7A4C-496F-8F9E-30CC98A04062}"
EndProject
Project("{FAE04EC0-301F-11D3-BF4B-00C04F79EFBC}") = "Foundation.DataAccess.Database", "Foundation\Foundation.DataAccess.Database\Foundation.DataAccess.Database.csproj", "{1E7D3E41-111B-4724-8484-12986CEA56C9}"
EndProject
Project("{FAE04EC0-301F-11D3-BF4B-00C04F79EFBC}") = "Foundation.DataAccess.Csv", "Foundation\Foundation.DataAccess.Csv\Foundation.DataAccess.Csv.csproj", "{09564653-06D6-4E04-B874-E1C423FD9A5F}"
EndProject
Project("{FAE04EC0-301F-11D3-BF4B-00C04F79EFBC}") = "Foundation.Services.Mail", "Foundation\Foundation.Services.Mail\Foundation.Services.Mail.csproj", "{7B9F2022-E198-441E-9A92-18A01D9252D9}"
EndProject
Project("{FAE04EC0-301F-11D3-BF4B-00C04F79EFBC}") = "Foundation.Services.MessageQueue", "Foundation\Foundation.Services.MessageQueue\Foundation.Services.MessageQueue.csproj", "{32A4BC73-207C-41FF-995A-6834BF3739D1}"
EndProject
Project("{FAE04EC0-301F-11D3-BF4B-00C04F79EFBC}") = "Foundation.Services.UserInteraction", "Foundation\Foundation.Services.UserInteraction\Foundation.Services.UserInteraction.csproj", "{6F469FB5-F302-4238-B713-5BE406C37F20}"
EndProject
Project("{FAE04EC0-301F-11D3-BF4B-00C04F79EFBC}") = "Foundation.WorkflowEngine", "Foundation\Foundation.WorkflowEngine\Foundation.WorkflowEngine.csproj", "{568F1CF5-3B85-4452-ABB3-1FC86C25DB00}"
EndProject
Project("{FAE04EC0-301F-11D3-BF4B-00C04F79EFBC}") = "Foundation.Services.WebApi", "Foundation\Foundation.Services.WebApi\Foundation.Services.WebApi.csproj", "{6F1614BD-E00D-4E2A-ACE1-21901D716CA8}"
EndProject
Project("{FAE04EC0-301F-11D3-BF4B-00C04F79EFBC}") = "Foundation.Services.FileIdentification", "Foundation\Foundation.Services.FileIdentification\Foundation.Services.FileIdentification.csproj", "{1568C961-6994-4F17-BEFB-3190E2EA5051}"
EndProject
Project("{FAE04EC0-301F-11D3-BF4B-00C04F79EFBC}") = "Foundation.Server.ScheduledTasks", "Foundation\Foundation.Server.ScheduledTasks\Foundation.Server.ScheduledTasks.csproj", "{9679994A-38B5-4C85-A8FC-6A826709AE22}"
EndProject
Project("{FAE04EC0-301F-11D3-BF4B-00C04F79EFBC}") = "Foundation.DocumentGenerator", "Foundation\Foundation.DocumentGenerator\Foundation.DocumentGenerator.csproj", "{A428C1BE-6214-4C60-889A-23756AA96BC8}"
EndProject
Project("{FAE04EC0-301F-11D3-BF4B-00C04F79EFBC}") = "Foundation.DataAccess.FileData", "Foundation.DataAccess.FileData\Foundation.DataAccess.FileData.csproj", "{DE10AC56-2F42-4A39-952B-6B00AE51CF31}"
EndProject
Global
	GlobalSection(SolutionConfigurationPlatforms) = preSolution
		Debug|Any CPU = Debug|Any CPU
		Release|Any CPU = Release|Any CPU
	EndGlobalSection
	GlobalSection(ProjectConfigurationPlatforms) = postSolution
		{827141F8-8ED0-7931-DCF6-D0D1A66E05C8}.Debug|Any CPU.ActiveCfg = Debug|Any CPU
		{827141F8-8ED0-7931-DCF6-D0D1A66E05C8}.Debug|Any CPU.Build.0 = Debug|Any CPU
		{827141F8-8ED0-7931-DCF6-D0D1A66E05C8}.Release|Any CPU.ActiveCfg = Release|Any CPU
		{827141F8-8ED0-7931-DCF6-D0D1A66E05C8}.Release|Any CPU.Build.0 = Release|Any CPU
		{E7ECEEF5-BF8D-418C-B070-C5DF43B1E7AB}.Debug|Any CPU.ActiveCfg = Debug|Any CPU
		{E7ECEEF5-BF8D-418C-B070-C5DF43B1E7AB}.Debug|Any CPU.Build.0 = Debug|Any CPU
		{E7ECEEF5-BF8D-418C-B070-C5DF43B1E7AB}.Release|Any CPU.ActiveCfg = Release|Any CPU
		{E7ECEEF5-BF8D-418C-B070-C5DF43B1E7AB}.Release|Any CPU.Build.0 = Release|Any CPU
		{066EB19C-58AF-471F-8777-52148501CAE5}.Debug|Any CPU.ActiveCfg = Debug|Any CPU
		{066EB19C-58AF-471F-8777-52148501CAE5}.Debug|Any CPU.Build.0 = Debug|Any CPU
		{066EB19C-58AF-471F-8777-52148501CAE5}.Release|Any CPU.ActiveCfg = Release|Any CPU
		{066EB19C-58AF-471F-8777-52148501CAE5}.Release|Any CPU.Build.0 = Release|Any CPU
		{70E1467C-B4AF-45F6-840A-1A0A62C6B403}.Debug|Any CPU.ActiveCfg = Debug|Any CPU
		{70E1467C-B4AF-45F6-840A-1A0A62C6B403}.Debug|Any CPU.Build.0 = Debug|Any CPU
		{70E1467C-B4AF-45F6-840A-1A0A62C6B403}.Release|Any CPU.ActiveCfg = Release|Any CPU
		{70E1467C-B4AF-45F6-840A-1A0A62C6B403}.Release|Any CPU.Build.0 = Release|Any CPU
		{45BA4D18-3D06-4487-BDFA-9B9D327E2E4B}.Debug|Any CPU.ActiveCfg = Debug|Any CPU
		{45BA4D18-3D06-4487-BDFA-9B9D327E2E4B}.Debug|Any CPU.Build.0 = Debug|Any CPU
		{45BA4D18-3D06-4487-BDFA-9B9D327E2E4B}.Release|Any CPU.ActiveCfg = Release|Any CPU
		{45BA4D18-3D06-4487-BDFA-9B9D327E2E4B}.Release|Any CPU.Build.0 = Release|Any CPU
		{6A1294E3-3A11-4A4D-9941-FE3DBE85E0AD}.Debug|Any CPU.ActiveCfg = Debug|Any CPU
		{6A1294E3-3A11-4A4D-9941-FE3DBE85E0AD}.Debug|Any CPU.Build.0 = Debug|Any CPU
		{6A1294E3-3A11-4A4D-9941-FE3DBE85E0AD}.Release|Any CPU.ActiveCfg = Release|Any CPU
		{6A1294E3-3A11-4A4D-9941-FE3DBE85E0AD}.Release|Any CPU.Build.0 = Release|Any CPU
		{9B682BE9-BCBD-4C4D-8859-DF2DBC89B388}.Debug|Any CPU.ActiveCfg = Debug|Any CPU
		{9B682BE9-BCBD-4C4D-8859-DF2DBC89B388}.Debug|Any CPU.Build.0 = Debug|Any CPU
		{9B682BE9-BCBD-4C4D-8859-DF2DBC89B388}.Release|Any CPU.ActiveCfg = Release|Any CPU
		{9B682BE9-BCBD-4C4D-8859-DF2DBC89B388}.Release|Any CPU.Build.0 = Release|Any CPU
		{09443194-A7BB-4B4E-ADF8-1EA72A9BD888}.Debug|Any CPU.ActiveCfg = Debug|Any CPU
		{09443194-A7BB-4B4E-ADF8-1EA72A9BD888}.Debug|Any CPU.Build.0 = Debug|Any CPU
		{09443194-A7BB-4B4E-ADF8-1EA72A9BD888}.Release|Any CPU.ActiveCfg = Release|Any CPU
		{09443194-A7BB-4B4E-ADF8-1EA72A9BD888}.Release|Any CPU.Build.0 = Release|Any CPU
		{76CD2396-B847-4EA4-B11D-E99998CA68AE}.Debug|Any CPU.ActiveCfg = Debug|Any CPU
		{76CD2396-B847-4EA4-B11D-E99998CA68AE}.Debug|Any CPU.Build.0 = Debug|Any CPU
		{76CD2396-B847-4EA4-B11D-E99998CA68AE}.Release|Any CPU.ActiveCfg = Release|Any CPU
		{76CD2396-B847-4EA4-B11D-E99998CA68AE}.Release|Any CPU.Build.0 = Release|Any CPU
		{387907F0-9D99-0993-B664-FAFAB74B43E5}.Debug|Any CPU.ActiveCfg = Debug|Any CPU
		{387907F0-9D99-0993-B664-FAFAB74B43E5}.Debug|Any CPU.Build.0 = Debug|Any CPU
		{387907F0-9D99-0993-B664-FAFAB74B43E5}.Release|Any CPU.ActiveCfg = Release|Any CPU
		{387907F0-9D99-0993-B664-FAFAB74B43E5}.Release|Any CPU.Build.0 = Release|Any CPU
		{7D9EF13B-B9D0-9E42-1818-74D3B15AC153}.Debug|Any CPU.ActiveCfg = Debug|Any CPU
		{7D9EF13B-B9D0-9E42-1818-74D3B15AC153}.Debug|Any CPU.Build.0 = Debug|Any CPU
		{7D9EF13B-B9D0-9E42-1818-74D3B15AC153}.Release|Any CPU.ActiveCfg = Release|Any CPU
		{7D9EF13B-B9D0-9E42-1818-74D3B15AC153}.Release|Any CPU.Build.0 = Release|Any CPU
		{6744A338-4E47-E825-F41B-8FFAD25BB747}.Debug|Any CPU.ActiveCfg = Debug|Any CPU
		{6744A338-4E47-E825-F41B-8FFAD25BB747}.Debug|Any CPU.Build.0 = Debug|Any CPU
		{6744A338-4E47-E825-F41B-8FFAD25BB747}.Release|Any CPU.ActiveCfg = Release|Any CPU
		{6744A338-4E47-E825-F41B-8FFAD25BB747}.Release|Any CPU.Build.0 = Release|Any CPU
		{28FE7C2E-96D0-4D48-9991-A49F4595A0A4}.Debug|Any CPU.ActiveCfg = Debug|Any CPU
		{28FE7C2E-96D0-4D48-9991-A49F4595A0A4}.Debug|Any CPU.Build.0 = Debug|Any CPU
		{28FE7C2E-96D0-4D48-9991-A49F4595A0A4}.Release|Any CPU.ActiveCfg = Release|Any CPU
		{28FE7C2E-96D0-4D48-9991-A49F4595A0A4}.Release|Any CPU.Build.0 = Release|Any CPU
		{CCE22C47-7225-EAE0-5E3B-D3F7CC014FEE}.Debug|Any CPU.ActiveCfg = Debug|Any CPU
		{CCE22C47-7225-EAE0-5E3B-D3F7CC014FEE}.Debug|Any CPU.Build.0 = Debug|Any CPU
		{CCE22C47-7225-EAE0-5E3B-D3F7CC014FEE}.Release|Any CPU.ActiveCfg = Release|Any CPU
		{CCE22C47-7225-EAE0-5E3B-D3F7CC014FEE}.Release|Any CPU.Build.0 = Release|Any CPU
		{039684B4-7A4C-496F-8F9E-30CC98A04062}.Debug|Any CPU.ActiveCfg = Debug|Any CPU
		{039684B4-7A4C-496F-8F9E-30CC98A04062}.Debug|Any CPU.Build.0 = Debug|Any CPU
		{039684B4-7A4C-496F-8F9E-30CC98A04062}.Release|Any CPU.ActiveCfg = Release|Any CPU
		{039684B4-7A4C-496F-8F9E-30CC98A04062}.Release|Any CPU.Build.0 = Release|Any CPU
		{1E7D3E41-111B-4724-8484-12986CEA56C9}.Debug|Any CPU.ActiveCfg = Debug|Any CPU
		{1E7D3E41-111B-4724-8484-12986CEA56C9}.Debug|Any CPU.Build.0 = Debug|Any CPU
		{1E7D3E41-111B-4724-8484-12986CEA56C9}.Release|Any CPU.ActiveCfg = Release|Any CPU
		{1E7D3E41-111B-4724-8484-12986CEA56C9}.Release|Any CPU.Build.0 = Release|Any CPU
		{09564653-06D6-4E04-B874-E1C423FD9A5F}.Debug|Any CPU.ActiveCfg = Debug|Any CPU
		{09564653-06D6-4E04-B874-E1C423FD9A5F}.Debug|Any CPU.Build.0 = Debug|Any CPU
		{09564653-06D6-4E04-B874-E1C423FD9A5F}.Release|Any CPU.ActiveCfg = Release|Any CPU
		{09564653-06D6-4E04-B874-E1C423FD9A5F}.Release|Any CPU.Build.0 = Release|Any CPU
		{7B9F2022-E198-441E-9A92-18A01D9252D9}.Debug|Any CPU.ActiveCfg = Debug|Any CPU
		{7B9F2022-E198-441E-9A92-18A01D9252D9}.Debug|Any CPU.Build.0 = Debug|Any CPU
		{7B9F2022-E198-441E-9A92-18A01D9252D9}.Release|Any CPU.ActiveCfg = Release|Any CPU
		{7B9F2022-E198-441E-9A92-18A01D9252D9}.Release|Any CPU.Build.0 = Release|Any CPU
		{32A4BC73-207C-41FF-995A-6834BF3739D1}.Debug|Any CPU.ActiveCfg = Debug|Any CPU
		{32A4BC73-207C-41FF-995A-6834BF3739D1}.Debug|Any CPU.Build.0 = Debug|Any CPU
		{32A4BC73-207C-41FF-995A-6834BF3739D1}.Release|Any CPU.ActiveCfg = Release|Any CPU
		{32A4BC73-207C-41FF-995A-6834BF3739D1}.Release|Any CPU.Build.0 = Release|Any CPU
		{6F469FB5-F302-4238-B713-5BE406C37F20}.Debug|Any CPU.ActiveCfg = Debug|Any CPU
		{6F469FB5-F302-4238-B713-5BE406C37F20}.Debug|Any CPU.Build.0 = Debug|Any CPU
		{6F469FB5-F302-4238-B713-5BE406C37F20}.Release|Any CPU.ActiveCfg = Release|Any CPU
		{6F469FB5-F302-4238-B713-5BE406C37F20}.Release|Any CPU.Build.0 = Release|Any CPU
		{568F1CF5-3B85-4452-ABB3-1FC86C25DB00}.Debug|Any CPU.ActiveCfg = Debug|Any CPU
		{568F1CF5-3B85-4452-ABB3-1FC86C25DB00}.Debug|Any CPU.Build.0 = Debug|Any CPU
		{568F1CF5-3B85-4452-ABB3-1FC86C25DB00}.Release|Any CPU.ActiveCfg = Release|Any CPU
		{568F1CF5-3B85-4452-ABB3-1FC86C25DB00}.Release|Any CPU.Build.0 = Release|Any CPU
		{6F1614BD-E00D-4E2A-ACE1-21901D716CA8}.Debug|Any CPU.ActiveCfg = Debug|Any CPU
		{6F1614BD-E00D-4E2A-ACE1-21901D716CA8}.Debug|Any CPU.Build.0 = Debug|Any CPU
		{6F1614BD-E00D-4E2A-ACE1-21901D716CA8}.Release|Any CPU.ActiveCfg = Release|Any CPU
		{6F1614BD-E00D-4E2A-ACE1-21901D716CA8}.Release|Any CPU.Build.0 = Release|Any CPU
		{1568C961-6994-4F17-BEFB-3190E2EA5051}.Debug|Any CPU.ActiveCfg = Debug|Any CPU
		{1568C961-6994-4F17-BEFB-3190E2EA5051}.Debug|Any CPU.Build.0 = Debug|Any CPU
		{1568C961-6994-4F17-BEFB-3190E2EA5051}.Release|Any CPU.ActiveCfg = Release|Any CPU
		{1568C961-6994-4F17-BEFB-3190E2EA5051}.Release|Any CPU.Build.0 = Release|Any CPU
		{9679994A-38B5-4C85-A8FC-6A826709AE22}.Debug|Any CPU.ActiveCfg = Debug|Any CPU
		{9679994A-38B5-4C85-A8FC-6A826709AE22}.Debug|Any CPU.Build.0 = Debug|Any CPU
		{9679994A-38B5-4C85-A8FC-6A826709AE22}.Release|Any CPU.ActiveCfg = Release|Any CPU
		{9679994A-38B5-4C85-A8FC-6A826709AE22}.Release|Any CPU.Build.0 = Release|Any CPU
		{A428C1BE-6214-4C60-889A-23756AA96BC8}.Debug|Any CPU.ActiveCfg = Debug|Any CPU
		{A428C1BE-6214-4C60-889A-23756AA96BC8}.Debug|Any CPU.Build.0 = Debug|Any CPU
		{A428C1BE-6214-4C60-889A-23756AA96BC8}.Release|Any CPU.ActiveCfg = Release|Any CPU
		{A428C1BE-6214-4C60-889A-23756AA96BC8}.Release|Any CPU.Build.0 = Release|Any CPU
		{DE10AC56-2F42-4A39-952B-6B00AE51CF31}.Debug|Any CPU.ActiveCfg = Debug|Any CPU
		{DE10AC56-2F42-4A39-952B-6B00AE51CF31}.Debug|Any CPU.Build.0 = Debug|Any CPU
		{DE10AC56-2F42-4A39-952B-6B00AE51CF31}.Release|Any CPU.ActiveCfg = Release|Any CPU
		{DE10AC56-2F42-4A39-952B-6B00AE51CF31}.Release|Any CPU.Build.0 = Release|Any CPU
	EndGlobalSection
	GlobalSection(SolutionProperties) = preSolution
		HideSolutionNode = FALSE
	EndGlobalSection
	GlobalSection(NestedProjects) = preSolution
		{827141F8-8ED0-7931-DCF6-D0D1A66E05C8} = {9AE03974-FC94-423B-95C5-404A685E383D}
		{387907F0-9D99-0993-B664-FAFAB74B43E5} = {0F75674C-8A76-43AB-A4C9-A8BCA7985A33}
		{7D9EF13B-B9D0-9E42-1818-74D3B15AC153} = {0F75674C-8A76-43AB-A4C9-A8BCA7985A33}
		{CCE22C47-7225-EAE0-5E3B-D3F7CC014FEE} = {0F75674C-8A76-43AB-A4C9-A8BCA7985A33}
	EndGlobalSection
	GlobalSection(ExtensibilityGlobals) = postSolution
		SolutionGuid = {0A3FAD53-E068-46CB-B0A9-2805E076396B}
	EndGlobalSection
EndGlobal
